
Microsoft Visual Studio Solution File, Format Version 12.00
# Visual Studio Version 16
VisualStudioVersion = 16.0.31729.503
MinimumVisualStudioVersion = 10.0.40219.1
Project("{FAE04EC0-301F-11D3-BF4B-00C04F79EFBC}") = "SchoolEntities", "SchoolEntities\SchoolEntities.csproj", "{8025FC9A-8194-47B2-B43D-8DE3FDA52ACB}"
EndProject
Project("{FAE04EC0-301F-11D3-BF4B-00C04F79EFBC}") = "SchoolDAL", "SchoolDAL\SchoolDAL.csproj", "{C0279C8E-5F16-48D8-8A85-6DCADA6B21F9}"
EndProject
Project("{FAE04EC0-301F-11D3-BF4B-00C04F79EFBC}") = "SchoolBLL", "SchoolBLL\SchoolBLL.csproj", "{C1B3B320-7300-48EF-8DE3-096670D1ADA4}"
EndProject
Project("{FAE04EC0-301F-11D3-BF4B-00C04F79EFBC}") = "SchoolWEB", "SchoolWEB\SchoolWEB.csproj", "{C1E93271-4B40-41C6-B3CF-5A51043FA71D}"
EndProject
Global
	GlobalSection(SolutionConfigurationPlatforms) = preSolution
		Debug|Any CPU = Debug|Any CPU
		Release|Any CPU = Release|Any CPU
	EndGlobalSection
	GlobalSection(ProjectConfigurationPlatforms) = postSolution
		{8025FC9A-8194-47B2-B43D-8DE3FDA52ACB}.Debug|Any CPU.ActiveCfg = Debug|Any CPU
		{8025FC9A-8194-47B2-B43D-8DE3FDA52ACB}.Debug|Any CPU.Build.0 = Debug|Any CPU
		{8025FC9A-8194-47B2-B43D-8DE3FDA52ACB}.Release|Any CPU.ActiveCfg = Release|Any CPU
		{8025FC9A-8194-47B2-B43D-8DE3FDA52ACB}.Release|Any CPU.Build.0 = Release|Any CPU
		{C0279C8E-5F16-48D8-8A85-6DCADA6B21F9}.Debug|Any CPU.ActiveCfg = Debug|Any CPU
		{C0279C8E-5F16-48D8-8A85-6DCADA6B21F9}.Debug|Any CPU.Build.0 = Debug|Any CPU
		{C0279C8E-5F16-48D8-8A85-6DCADA6B21F9}.Release|Any CPU.ActiveCfg = Release|Any CPU
		{C0279C8E-5F16-48D8-8A85-6DCADA6B21F9}.Release|Any CPU.Build.0 = Release|Any CPU
		{C1B3B320-7300-48EF-8DE3-096670D1ADA4}.Debug|Any CPU.ActiveCfg = Debug|Any CPU
		{C1B3B320-7300-48EF-8DE3-096670D1ADA4}.Debug|Any CPU.Build.0 = Debug|Any CPU
		{C1B3B320-7300-48EF-8DE3-096670D1ADA4}.Release|Any CPU.ActiveCfg = Release|Any CPU
		{C1B3B320-7300-48EF-8DE3-096670D1ADA4}.Release|Any CPU.Build.0 = Release|Any CPU
		{C1E93271-4B40-41C6-B3CF-5A51043FA71D}.Debug|Any CPU.ActiveCfg = Debug|Any CPU
		{C1E93271-4B40-41C6-B3CF-5A51043FA71D}.Debug|Any CPU.Build.0 = Debug|Any CPU
		{C1E93271-4B40-41C6-B3CF-5A51043FA71D}.Release|Any CPU.ActiveCfg = Release|Any CPU
		{C1E93271-4B40-41C6-B3CF-5A51043FA71D}.Release|Any CPU.Build.0 = Release|Any CPU
	EndGlobalSection
	GlobalSection(SolutionProperties) = preSolution
		HideSolutionNode = FALSE
	EndGlobalSection
	GlobalSection(ExtensibilityGlobals) = postSolution
		SolutionGuid = {CD1B8BA2-9B71-4B9B-B51E-8F936CC9C161}
	EndGlobalSection
EndGlobal
