
Microsoft Visual Studio Solution File, Format Version 12.00
# Visual Studio Version 16
VisualStudioVersion = 16.0.31613.86
MinimumVisualStudioVersion = 10.0.40219.1
Project("{FAE04EC0-301F-11D3-BF4B-00C04F79EFBC}") = "Lab02-01", "Lab02-01\Lab02-01.csproj", "{FC6AE8D5-88D0-4C33-A9FF-C1195A3E1DFE}"
EndProject
Global
	GlobalSection(SolutionConfigurationPlatforms) = preSolution
		Debug|Any CPU = Debug|Any CPU
		Release|Any CPU = Release|Any CPU
	EndGlobalSection
	GlobalSection(ProjectConfigurationPlatforms) = postSolution
		{FC6AE8D5-88D0-4C33-A9FF-C1195A3E1DFE}.Debug|Any CPU.ActiveCfg = Debug|Any CPU
		{FC6AE8D5-88D0-4C33-A9FF-C1195A3E1DFE}.Debug|Any CPU.Build.0 = Debug|Any CPU
		{FC6AE8D5-88D0-4C33-A9FF-C1195A3E1DFE}.Release|Any CPU.ActiveCfg = Release|Any CPU
		{FC6AE8D5-88D0-4C33-A9FF-C1195A3E1DFE}.Release|Any CPU.Build.0 = Release|Any CPU
	EndGlobalSection
	GlobalSection(SolutionProperties) = preSolution
		HideSolutionNode = FALSE
	EndGlobalSection
	GlobalSection(ExtensibilityGlobals) = postSolution
		SolutionGuid = {45C944E8-D3DF-45E5-8013-E41575E5A53D}
	EndGlobalSection
EndGlobal
