
Microsoft Visual Studio Solution File, Format Version 12.00
# Visual Studio Version 16
VisualStudioVersion = 16.0.31613.86
MinimumVisualStudioVersion = 10.0.40219.1
Project("{FAE04EC0-301F-11D3-BF4B-00C04F79EFBC}") = "Lab09", "Lab09\Lab09.csproj", "{10E12ABA-0429-4489-AA5D-553A6D3B527F}"
EndProject
Global
	GlobalSection(SolutionConfigurationPlatforms) = preSolution
		Debug|Any CPU = Debug|Any CPU
		Release|Any CPU = Release|Any CPU
	EndGlobalSection
	GlobalSection(ProjectConfigurationPlatforms) = postSolution
		{10E12ABA-0429-4489-AA5D-553A6D3B527F}.Debug|Any CPU.ActiveCfg = Debug|Any CPU
		{10E12ABA-0429-4489-AA5D-553A6D3B527F}.Debug|Any CPU.Build.0 = Debug|Any CPU
		{10E12ABA-0429-4489-AA5D-553A6D3B527F}.Release|Any CPU.ActiveCfg = Release|Any CPU
		{10E12ABA-0429-4489-AA5D-553A6D3B527F}.Release|Any CPU.Build.0 = Release|Any CPU
	EndGlobalSection
	GlobalSection(SolutionProperties) = preSolution
		HideSolutionNode = FALSE
	EndGlobalSection
	GlobalSection(ExtensibilityGlobals) = postSolution
		SolutionGuid = {95AE2E61-BDD8-4C62-A9CD-905392563DEF}
	EndGlobalSection
EndGlobal
